
Microsoft Visual Studio Solution File, Format Version 12.00
# Visual Studio Version 17
VisualStudioVersion = 17.8.34219.65
MinimumVisualStudioVersion = 10.0.40219.1
Project("{2150E333-8FDC-42A3-9474-1A3956D46DE8}") = "Source", "Source", "{719809C2-A551-4C4A-9EFD-B10FB5E35BC0}"
	ProjectSection(SolutionItems) = preProject
		Source\Directory.Build.props = Source\Directory.Build.props
	EndProjectSection
EndProject
Project("{2150E333-8FDC-42A3-9474-1A3956D46DE8}") = "Solution Items", "Solution Items", "{F20E2797-D1E3-4321-91BB-FAE54954D2A0}"
	ProjectSection(SolutionItems) = preProject
		.editorconfig = .editorconfig
		.gitattributes = .gitattributes
		.gitignore = .gitignore
		appveyor.yml = appveyor.yml
		azure-pipelines.yml = azure-pipelines.yml
		build.cake = build.cake
		Directory.Build.props = Directory.Build.props
		Directory.Build.targets = Directory.Build.targets
		dotnet-tools.json = dotnet-tools.json
		global.json = global.json
		Sholo.ruleset = Sholo.ruleset
		Sholo.Tests.ruleset = Sholo.Tests.ruleset
	EndProjectSection
EndProject
Project("{2150E333-8FDC-42A3-9474-1A3956D46DE8}") = "Documentation", "Documentation", "{7EDFA103-DB69-4C88-9DE4-97ADBF8253A1}"
	ProjectSection(SolutionItems) = preProject
		LICENSE.md = LICENSE.md
		README.md = README.md
	EndProjectSection
EndProject
Project("{2150E333-8FDC-42A3-9474-1A3956D46DE8}") = "Tests", "Tests", "{E1B24F25-B8A4-46EE-B7EB-7803DCFC543F}"
	ProjectSection(SolutionItems) = preProject
		Tests\.editorconfig = Tests\.editorconfig
		Tests\Directory.Build.props = Tests\Directory.Build.props
	EndProjectSection
EndProject
Project("{2150E333-8FDC-42A3-9474-1A3956D46DE8}") = "Images", "Images", "{26F71F5B-2940-4FB0-9681-A76060CBCEF9}"
	ProjectSection(SolutionItems) = preProject
		Images\Banner.png = Images\Banner.png
		Images\Hero.png = Images\Hero.png
		Images\Icon.png = Images\Icon.png
	EndProjectSection
EndProject
Project("{2150E333-8FDC-42A3-9474-1A3956D46DE8}") = "Issue Templates", "Issue Templates", "{566DF0E2-1288-4083-9B55-4C8B69BB1432}"
	ProjectSection(SolutionItems) = preProject
		.github\ISSUE_TEMPLATE\BUG_REPORT.md = .github\ISSUE_TEMPLATE\BUG_REPORT.md
		.github\ISSUE_TEMPLATE\FEATURE_REQUEST.md = .github\ISSUE_TEMPLATE\FEATURE_REQUEST.md
		.github\ISSUE_TEMPLATE\QUESTION.md = .github\ISSUE_TEMPLATE\QUESTION.md
	EndProjectSection
EndProject
Project("{2150E333-8FDC-42A3-9474-1A3956D46DE8}") = ".github", ".github", "{0555C737-CE4B-4C78-87AB-6296E1E32D01}"
	ProjectSection(SolutionItems) = preProject
		.github\CODE_OF_CONDUCT.md = .github\CODE_OF_CONDUCT.md
		.github\CONTRIBUTING.md = .github\CONTRIBUTING.md
		.github\PULL_REQUEST_TEMPLATE.md = .github\PULL_REQUEST_TEMPLATE.md
		.github\SECURITY.md = .github\SECURITY.md
	EndProjectSection
EndProject
Project("{9A19103F-16F7-4668-BE54-9A1E7A4F7556}") = "Sholo.HomeAssistant.Test", "Tests\Sholo.HomeAssistant.Test\Sholo.HomeAssistant.Test.csproj", "{528E66EB-2232-4534-A20D-9BC8A240BF2F}"
EndProject
Project("{2150E333-8FDC-42A3-9474-1A3956D46DE8}") = ".github", ".github", "{EFE1E5ED-D337-4874-82EC-D9FA0BC7D3AB}"
	ProjectSection(SolutionItems) = preProject
		.github\release-drafter.yml = .github\release-drafter.yml
	EndProjectSection
EndProject
Project("{2150E333-8FDC-42A3-9474-1A3956D46DE8}") = "workflows", "workflows", "{841C67EF-BBB2-4730-8E29-22FF3FD54306}"
	ProjectSection(SolutionItems) = preProject
		.github\workflows\build.yml = .github\workflows\build.yml
		.github\workflows\release-drafter.yml = .github\workflows\release-drafter.yml
	EndProjectSection
EndProject
Project("{9A19103F-16F7-4668-BE54-9A1E7A4F7556}") = "Sholo.HomeAssistant.Client", "Source\Sholo.HomeAssistant.Client\Sholo.HomeAssistant.Client.csproj", "{B3C0CBA4-712D-404E-B701-D84AF7BBE5E4}"
EndProject
Project("{9A19103F-16F7-4668-BE54-9A1E7A4F7556}") = "Sholo.HomeAssistant.Common", "Source\Sholo.HomeAssistant.Common\Sholo.HomeAssistant.Common.csproj", "{11D110AE-1AEC-419C-A806-7E0ECBC0BC7D}"
EndProject
Project("{9A19103F-16F7-4668-BE54-9A1E7A4F7556}") = "Sholo.HomeAssistant.Domains.AlarmControlPanel", "Source\Domains\Sholo.HomeAssistant.Domains.AlarmControlPanel\Sholo.HomeAssistant.Domains.AlarmControlPanel.csproj", "{E6349BAE-0D67-4E15-9A13-E9D71775F32F}"
EndProject
Project("{9A19103F-16F7-4668-BE54-9A1E7A4F7556}") = "Sholo.HomeAssistant.Domains.BinarySensor", "Source\Domains\Sholo.HomeAssistant.Domains.BinarySensor\Sholo.HomeAssistant.Domains.BinarySensor.csproj", "{AAB3DE00-45B4-46ED-AE5F-0B71505223AD}"
EndProject
Project("{9A19103F-16F7-4668-BE54-9A1E7A4F7556}") = "Sholo.HomeAssistant.Domains.Calendar", "Source\Domains\Sholo.HomeAssistant.Domains.Calendar\Sholo.HomeAssistant.Domains.Calendar.csproj", "{0311955C-035C-43AF-87E7-B77F05D3A132}"
EndProject
Project("{9A19103F-16F7-4668-BE54-9A1E7A4F7556}") = "Sholo.HomeAssistant.Domains.Camera", "Source\Domains\Sholo.HomeAssistant.Domains.Camera\Sholo.HomeAssistant.Domains.Camera.csproj", "{DADBFA3F-316C-4D34-AC87-ABA600A7551D}"
EndProject
Project("{9A19103F-16F7-4668-BE54-9A1E7A4F7556}") = "Sholo.HomeAssistant.Domains.Climate", "Source\Domains\Sholo.HomeAssistant.Domains.Climate\Sholo.HomeAssistant.Domains.Climate.csproj", "{0F6EC6F2-0BD7-4FAA-83A9-07B6660EB607}"
EndProject
Project("{9A19103F-16F7-4668-BE54-9A1E7A4F7556}") = "Sholo.HomeAssistant.Domains.DeviceTracker", "Source\Domains\Sholo.HomeAssistant.Domains.DeviceTracker\Sholo.HomeAssistant.Domains.DeviceTracker.csproj", "{6043C29D-E735-4C89-A33B-C6668DF4A7FD}"
EndProject
Project("{9A19103F-16F7-4668-BE54-9A1E7A4F7556}") = "Sholo.HomeAssistant.Domains.Fan", "Source\Domains\Sholo.HomeAssistant.Domains.Fan\Sholo.HomeAssistant.Domains.Fan.csproj", "{482F9F0B-2E96-4A3D-BC7A-5B95405B6745}"
EndProject
Project("{9A19103F-16F7-4668-BE54-9A1E7A4F7556}") = "Sholo.HomeAssistant.Domains.Group", "Source\Domains\Sholo.HomeAssistant.Domains.Group\Sholo.HomeAssistant.Domains.Group.csproj", "{28970AD1-B3A3-49EB-BE57-AC5BE6C72A06}"
EndProject
Project("{9A19103F-16F7-4668-BE54-9A1E7A4F7556}") = "Sholo.HomeAssistant.Domains.InputBoolean", "Source\Domains\Sholo.HomeAssistant.Domains.InputBoolean\Sholo.HomeAssistant.Domains.InputBoolean.csproj", "{FEA93C0D-7A25-425B-B9E8-B2FD9117348D}"
EndProject
Project("{9A19103F-16F7-4668-BE54-9A1E7A4F7556}") = "Sholo.HomeAssistant.Domains.Light", "Source\Domains\Sholo.HomeAssistant.Domains.Light\Sholo.HomeAssistant.Domains.Light.csproj", "{F1390024-41B2-4402-8C54-541B217EC013}"
EndProject
Project("{9A19103F-16F7-4668-BE54-9A1E7A4F7556}") = "Sholo.HomeAssistant.Domains.Lock", "Source\Domains\Sholo.HomeAssistant.Domains.Lock\Sholo.HomeAssistant.Domains.Lock.csproj", "{2C5833A2-F4D2-4818-8DDC-731A30FEDAB7}"
EndProject
Project("{9A19103F-16F7-4668-BE54-9A1E7A4F7556}") = "Sholo.HomeAssistant.Domains.MediaPlayer", "Source\Domains\Sholo.HomeAssistant.Domains.MediaPlayer\Sholo.HomeAssistant.Domains.MediaPlayer.csproj", "{41794FF8-EC1E-456B-BDAA-A5346C110FF8}"
EndProject
Project("{9A19103F-16F7-4668-BE54-9A1E7A4F7556}") = "Sholo.HomeAssistant.Domains.Person", "Source\Domains\Sholo.HomeAssistant.Domains.Person\Sholo.HomeAssistant.Domains.Person.csproj", "{F4131FDE-6702-40E3-9B11-9BE66B52786C}"
EndProject
Project("{9A19103F-16F7-4668-BE54-9A1E7A4F7556}") = "Sholo.HomeAssistant.Domains.Script", "Source\Domains\Sholo.HomeAssistant.Domains.Script\Sholo.HomeAssistant.Domains.Script.csproj", "{DE07171B-E84F-4545-A709-0168E5C16334}"
EndProject
Project("{9A19103F-16F7-4668-BE54-9A1E7A4F7556}") = "Sholo.HomeAssistant.Domains.Sensor", "Source\Domains\Sholo.HomeAssistant.Domains.Sensor\Sholo.HomeAssistant.Domains.Sensor.csproj", "{46524429-A440-412C-8D82-621FC9680EEF}"
EndProject
Project("{9A19103F-16F7-4668-BE54-9A1E7A4F7556}") = "Sholo.HomeAssistant.Domains.Sun", "Source\Domains\Sholo.HomeAssistant.Domains.Sun\Sholo.HomeAssistant.Domains.Sun.csproj", "{5CC14A27-D006-4EA9-9690-D8F375E8E2C2}"
EndProject
Project("{9A19103F-16F7-4668-BE54-9A1E7A4F7556}") = "Sholo.HomeAssistant.Domains.Switch", "Source\Domains\Sholo.HomeAssistant.Domains.Switch\Sholo.HomeAssistant.Domains.Switch.csproj", "{55F8A311-3451-4F4F-8024-540A8C8B4039}"
EndProject
Project("{9A19103F-16F7-4668-BE54-9A1E7A4F7556}") = "Sholo.HomeAssistant.Domains.Weather", "Source\Domains\Sholo.HomeAssistant.Domains.Weather\Sholo.HomeAssistant.Domains.Weather.csproj", "{1E1F9DCA-8BE8-4D76-8FA3-63D990511245}"
EndProject
Project("{9A19103F-16F7-4668-BE54-9A1E7A4F7556}") = "Sholo.HomeAssistant.Domains.Zone", "Source\Domains\Sholo.HomeAssistant.Domains.Zone\Sholo.HomeAssistant.Domains.Zone.csproj", "{C3B3FFF4-94A8-4C79-9504-9197543C7DB7}"
EndProject
Project("{2150E333-8FDC-42A3-9474-1A3956D46DE8}") = "Domains", "Domains", "{F0063C69-C019-43E9-A009-95D9FD5F6D99}"
EndProject
Project("{9A19103F-16F7-4668-BE54-9A1E7A4F7556}") = "Sholo.HomeAssistant.Domains.Button", "Source\Domains\Sholo.HomeAssistant.Domains.Button\Sholo.HomeAssistant.Domains.Button.csproj", "{F1A5D123-E265-4618-B2E6-5F642E178C41}"
EndProject
Project("{9A19103F-16F7-4668-BE54-9A1E7A4F7556}") = "Sholo.HomeAssistant.Domains.Cover", "Source\Domains\Sholo.HomeAssistant.Domains.Cover\Sholo.HomeAssistant.Domains.Cover.csproj", "{FC7BC414-4B02-45BF-980C-0EB033036E7D}"
EndProject
Project("{9A19103F-16F7-4668-BE54-9A1E7A4F7556}") = "Sholo.HomeAssistant.Domains.DeviceTrigger", "Source\Domains\Sholo.HomeAssistant.Domains.DeviceTrigger\Sholo.HomeAssistant.Domains.DeviceTrigger.csproj", "{30154A7C-DF03-46D4-9FAF-4C2CE5355F03}"
EndProject
Project("{9A19103F-16F7-4668-BE54-9A1E7A4F7556}") = "Sholo.HomeAssistant.Domains.Event", "Source\Domains\Sholo.HomeAssistant.Domains.Event\Sholo.HomeAssistant.Domains.Event.csproj", "{6A2501C8-D3A7-420A-B5FA-BCABA4E674DF}"
EndProject
Project("{9A19103F-16F7-4668-BE54-9A1E7A4F7556}") = "Sholo.HomeAssistant.Domains.Humidifier", "Source\Domains\Sholo.HomeAssistant.Domains.Humidifier\Sholo.HomeAssistant.Domains.Humidifier.csproj", "{32EA8722-B442-478F-B398-5925D54F2384}"
EndProject
Project("{9A19103F-16F7-4668-BE54-9A1E7A4F7556}") = "Sholo.HomeAssistant.Domains.Image", "Source\Domains\Sholo.HomeAssistant.Domains.Image\Sholo.HomeAssistant.Domains.Image.csproj", "{BD4189C5-F0E9-44CD-8C60-F9F4261CA556}"
EndProject
Project("{9A19103F-16F7-4668-BE54-9A1E7A4F7556}") = "Sholo.HomeAssistant.Domains.LawnMower", "Source\Domains\Sholo.HomeAssistant.Domains.LawnMower\Sholo.HomeAssistant.Domains.LawnMower.csproj", "{7606E181-8E75-4BD8-B375-2B9522810C68}"
EndProject
Project("{9A19103F-16F7-4668-BE54-9A1E7A4F7556}") = "Sholo.HomeAssistant.Domains.Number", "Source\Domains\Sholo.HomeAssistant.Domains.Number\Sholo.HomeAssistant.Domains.Number.csproj", "{6AAAABB9-6891-4DEF-B211-C9B609A9C9B2}"
EndProject
Project("{9A19103F-16F7-4668-BE54-9A1E7A4F7556}") = "Sholo.HomeAssistant.Domains.Scene", "Source\Domains\Sholo.HomeAssistant.Domains.Scene\Sholo.HomeAssistant.Domains.Scene.csproj", "{02474D43-5B95-49F3-ABA2-3A364F65F828}"
EndProject
Project("{9A19103F-16F7-4668-BE54-9A1E7A4F7556}") = "Sholo.HomeAssistant.Domains.Siren", "Source\Domains\Sholo.HomeAssistant.Domains.Siren\Sholo.HomeAssistant.Domains.Siren.csproj", "{E918B393-C18A-4F77-9346-EBE6D00EC389}"
EndProject
Project("{9A19103F-16F7-4668-BE54-9A1E7A4F7556}") = "Sholo.HomeAssistant.Domains.TagScanner", "Source\Domains\Sholo.HomeAssistant.Domains.TagScanner\Sholo.HomeAssistant.Domains.TagScanner.csproj", "{7C4D85FA-665B-4EE4-A397-B23373BED5CB}"
EndProject
Project("{9A19103F-16F7-4668-BE54-9A1E7A4F7556}") = "Sholo.HomeAssistant.Domains.Text", "Source\Domains\Sholo.HomeAssistant.Domains.Text\Sholo.HomeAssistant.Domains.Text.csproj", "{C92A9010-DEB1-4975-8176-600DEFD48342}"
EndProject
Project("{9A19103F-16F7-4668-BE54-9A1E7A4F7556}") = "Sholo.HomeAssistant.Domains.Update", "Source\Domains\Sholo.HomeAssistant.Domains.Update\Sholo.HomeAssistant.Domains.Update.csproj", "{7FB31783-AD54-447F-A136-579D4765EF60}"
EndProject
Project("{9A19103F-16F7-4668-BE54-9A1E7A4F7556}") = "Sholo.HomeAssistant.Domains.Vacuum", "Source\Domains\Sholo.HomeAssistant.Domains.Vacuum\Sholo.HomeAssistant.Domains.Vacuum.csproj", "{E0A185EC-ADEA-43CC-A4BF-277D7533D930}"
EndProject
Project("{9A19103F-16F7-4668-BE54-9A1E7A4F7556}") = "Sholo.HomeAssistant.Domains.WaterHeater", "Source\Domains\Sholo.HomeAssistant.Domains.WaterHeater\Sholo.HomeAssistant.Domains.WaterHeater.csproj", "{1A51700A-0EA7-4A24-82D2-0891106CA8C0}"
EndProject
Project("{9A19103F-16F7-4668-BE54-9A1E7A4F7556}") = "Sholo.HomeAssistant.Domains.Builtin", "Source\Sholo.HomeAssistant.Domains.Builtin\Sholo.HomeAssistant.Domains.Builtin.csproj", "{93CBD9BC-89E6-49BC-AB31-E324FE25314C}"
EndProject
Project("{9A19103F-16F7-4668-BE54-9A1E7A4F7556}") = "Sholo.HomeAssistant.Client.Http", "Source\Sholo.HomeAssistant.Client.Http\Sholo.HomeAssistant.Client.Http.csproj", "{54239EE6-0128-4CC6-AB98-1C4752C178BF}"
EndProject
Project("{9A19103F-16F7-4668-BE54-9A1E7A4F7556}") = "Sholo.HomeAssistant.Client.Http.Rest", "Source\Sholo.HomeAssistant.Client.Http.Rest\Sholo.HomeAssistant.Client.Http.Rest.csproj", "{407C7115-4604-474C-8E36-12EFE43C6363}"
EndProject
Project("{9A19103F-16F7-4668-BE54-9A1E7A4F7556}") = "Sholo.HomeAssistant.Client.Http.WebSockets", "Source\Sholo.HomeAssistant.Client.Http.WebSockets\Sholo.HomeAssistant.Client.Http.WebSockets.csproj", "{BDB1B872-C408-480E-967C-008CD7A964B3}"
EndProject
Project("{9A19103F-16F7-4668-BE54-9A1E7A4F7556}") = "Sholo.HomeAssistant.Client.Mqtt", "Source\Sholo.HomeAssistant.Client.Mqtt\Sholo.HomeAssistant.Client.Mqtt.csproj", "{D1502628-D9D3-4C28-8985-D1C42751B601}"
EndProject
Project("{9A19103F-16F7-4668-BE54-9A1E7A4F7556}") = "Sholo.HomeAssistant.Client.Supervisor", "Source\Sholo.HomeAssistant.Client.Supervisor\Sholo.HomeAssistant.Client.Supervisor.csproj", "{0E25BB6C-E3D6-4407-A1AB-6E3933157BE4}"
EndProject
Global
	GlobalSection(SolutionConfigurationPlatforms) = preSolution
		Debug|Any CPU = Debug|Any CPU
		Release|Any CPU = Release|Any CPU
	EndGlobalSection
	GlobalSection(ProjectConfigurationPlatforms) = postSolution
		{528E66EB-2232-4534-A20D-9BC8A240BF2F}.Debug|Any CPU.ActiveCfg = Debug|Any CPU
		{528E66EB-2232-4534-A20D-9BC8A240BF2F}.Debug|Any CPU.Build.0 = Debug|Any CPU
		{528E66EB-2232-4534-A20D-9BC8A240BF2F}.Release|Any CPU.ActiveCfg = Release|Any CPU
		{528E66EB-2232-4534-A20D-9BC8A240BF2F}.Release|Any CPU.Build.0 = Release|Any CPU
		{B3C0CBA4-712D-404E-B701-D84AF7BBE5E4}.Debug|Any CPU.ActiveCfg = Debug|Any CPU
		{B3C0CBA4-712D-404E-B701-D84AF7BBE5E4}.Debug|Any CPU.Build.0 = Debug|Any CPU
		{B3C0CBA4-712D-404E-B701-D84AF7BBE5E4}.Release|Any CPU.ActiveCfg = Release|Any CPU
		{B3C0CBA4-712D-404E-B701-D84AF7BBE5E4}.Release|Any CPU.Build.0 = Release|Any CPU
		{11D110AE-1AEC-419C-A806-7E0ECBC0BC7D}.Debug|Any CPU.ActiveCfg = Debug|Any CPU
		{11D110AE-1AEC-419C-A806-7E0ECBC0BC7D}.Debug|Any CPU.Build.0 = Debug|Any CPU
		{11D110AE-1AEC-419C-A806-7E0ECBC0BC7D}.Release|Any CPU.ActiveCfg = Release|Any CPU
		{11D110AE-1AEC-419C-A806-7E0ECBC0BC7D}.Release|Any CPU.Build.0 = Release|Any CPU
		{E6349BAE-0D67-4E15-9A13-E9D71775F32F}.Debug|Any CPU.ActiveCfg = Debug|Any CPU
		{E6349BAE-0D67-4E15-9A13-E9D71775F32F}.Debug|Any CPU.Build.0 = Debug|Any CPU
		{E6349BAE-0D67-4E15-9A13-E9D71775F32F}.Release|Any CPU.ActiveCfg = Release|Any CPU
		{E6349BAE-0D67-4E15-9A13-E9D71775F32F}.Release|Any CPU.Build.0 = Release|Any CPU
		{AAB3DE00-45B4-46ED-AE5F-0B71505223AD}.Debug|Any CPU.ActiveCfg = Debug|Any CPU
		{AAB3DE00-45B4-46ED-AE5F-0B71505223AD}.Debug|Any CPU.Build.0 = Debug|Any CPU
		{AAB3DE00-45B4-46ED-AE5F-0B71505223AD}.Release|Any CPU.ActiveCfg = Release|Any CPU
		{AAB3DE00-45B4-46ED-AE5F-0B71505223AD}.Release|Any CPU.Build.0 = Release|Any CPU
		{0311955C-035C-43AF-87E7-B77F05D3A132}.Debug|Any CPU.ActiveCfg = Debug|Any CPU
		{0311955C-035C-43AF-87E7-B77F05D3A132}.Debug|Any CPU.Build.0 = Debug|Any CPU
		{0311955C-035C-43AF-87E7-B77F05D3A132}.Release|Any CPU.ActiveCfg = Release|Any CPU
		{0311955C-035C-43AF-87E7-B77F05D3A132}.Release|Any CPU.Build.0 = Release|Any CPU
		{DADBFA3F-316C-4D34-AC87-ABA600A7551D}.Debug|Any CPU.ActiveCfg = Debug|Any CPU
		{DADBFA3F-316C-4D34-AC87-ABA600A7551D}.Debug|Any CPU.Build.0 = Debug|Any CPU
		{DADBFA3F-316C-4D34-AC87-ABA600A7551D}.Release|Any CPU.ActiveCfg = Release|Any CPU
		{DADBFA3F-316C-4D34-AC87-ABA600A7551D}.Release|Any CPU.Build.0 = Release|Any CPU
		{0F6EC6F2-0BD7-4FAA-83A9-07B6660EB607}.Debug|Any CPU.ActiveCfg = Debug|Any CPU
		{0F6EC6F2-0BD7-4FAA-83A9-07B6660EB607}.Debug|Any CPU.Build.0 = Debug|Any CPU
		{0F6EC6F2-0BD7-4FAA-83A9-07B6660EB607}.Release|Any CPU.ActiveCfg = Release|Any CPU
		{0F6EC6F2-0BD7-4FAA-83A9-07B6660EB607}.Release|Any CPU.Build.0 = Release|Any CPU
		{6043C29D-E735-4C89-A33B-C6668DF4A7FD}.Debug|Any CPU.ActiveCfg = Debug|Any CPU
		{6043C29D-E735-4C89-A33B-C6668DF4A7FD}.Debug|Any CPU.Build.0 = Debug|Any CPU
		{6043C29D-E735-4C89-A33B-C6668DF4A7FD}.Release|Any CPU.ActiveCfg = Release|Any CPU
		{6043C29D-E735-4C89-A33B-C6668DF4A7FD}.Release|Any CPU.Build.0 = Release|Any CPU
		{482F9F0B-2E96-4A3D-BC7A-5B95405B6745}.Debug|Any CPU.ActiveCfg = Debug|Any CPU
		{482F9F0B-2E96-4A3D-BC7A-5B95405B6745}.Debug|Any CPU.Build.0 = Debug|Any CPU
		{482F9F0B-2E96-4A3D-BC7A-5B95405B6745}.Release|Any CPU.ActiveCfg = Release|Any CPU
		{482F9F0B-2E96-4A3D-BC7A-5B95405B6745}.Release|Any CPU.Build.0 = Release|Any CPU
		{28970AD1-B3A3-49EB-BE57-AC5BE6C72A06}.Debug|Any CPU.ActiveCfg = Debug|Any CPU
		{28970AD1-B3A3-49EB-BE57-AC5BE6C72A06}.Debug|Any CPU.Build.0 = Debug|Any CPU
		{28970AD1-B3A3-49EB-BE57-AC5BE6C72A06}.Release|Any CPU.ActiveCfg = Release|Any CPU
		{28970AD1-B3A3-49EB-BE57-AC5BE6C72A06}.Release|Any CPU.Build.0 = Release|Any CPU
		{FEA93C0D-7A25-425B-B9E8-B2FD9117348D}.Debug|Any CPU.ActiveCfg = Debug|Any CPU
		{FEA93C0D-7A25-425B-B9E8-B2FD9117348D}.Debug|Any CPU.Build.0 = Debug|Any CPU
		{FEA93C0D-7A25-425B-B9E8-B2FD9117348D}.Release|Any CPU.ActiveCfg = Release|Any CPU
		{FEA93C0D-7A25-425B-B9E8-B2FD9117348D}.Release|Any CPU.Build.0 = Release|Any CPU
		{F1390024-41B2-4402-8C54-541B217EC013}.Debug|Any CPU.ActiveCfg = Debug|Any CPU
		{F1390024-41B2-4402-8C54-541B217EC013}.Debug|Any CPU.Build.0 = Debug|Any CPU
		{F1390024-41B2-4402-8C54-541B217EC013}.Release|Any CPU.ActiveCfg = Release|Any CPU
		{F1390024-41B2-4402-8C54-541B217EC013}.Release|Any CPU.Build.0 = Release|Any CPU
		{2C5833A2-F4D2-4818-8DDC-731A30FEDAB7}.Debug|Any CPU.ActiveCfg = Debug|Any CPU
		{2C5833A2-F4D2-4818-8DDC-731A30FEDAB7}.Debug|Any CPU.Build.0 = Debug|Any CPU
		{2C5833A2-F4D2-4818-8DDC-731A30FEDAB7}.Release|Any CPU.ActiveCfg = Release|Any CPU
		{2C5833A2-F4D2-4818-8DDC-731A30FEDAB7}.Release|Any CPU.Build.0 = Release|Any CPU
		{41794FF8-EC1E-456B-BDAA-A5346C110FF8}.Debug|Any CPU.ActiveCfg = Debug|Any CPU
		{41794FF8-EC1E-456B-BDAA-A5346C110FF8}.Debug|Any CPU.Build.0 = Debug|Any CPU
		{41794FF8-EC1E-456B-BDAA-A5346C110FF8}.Release|Any CPU.ActiveCfg = Release|Any CPU
		{41794FF8-EC1E-456B-BDAA-A5346C110FF8}.Release|Any CPU.Build.0 = Release|Any CPU
		{F4131FDE-6702-40E3-9B11-9BE66B52786C}.Debug|Any CPU.ActiveCfg = Debug|Any CPU
		{F4131FDE-6702-40E3-9B11-9BE66B52786C}.Debug|Any CPU.Build.0 = Debug|Any CPU
		{F4131FDE-6702-40E3-9B11-9BE66B52786C}.Release|Any CPU.ActiveCfg = Release|Any CPU
		{F4131FDE-6702-40E3-9B11-9BE66B52786C}.Release|Any CPU.Build.0 = Release|Any CPU
		{DE07171B-E84F-4545-A709-0168E5C16334}.Debug|Any CPU.ActiveCfg = Debug|Any CPU
		{DE07171B-E84F-4545-A709-0168E5C16334}.Debug|Any CPU.Build.0 = Debug|Any CPU
		{DE07171B-E84F-4545-A709-0168E5C16334}.Release|Any CPU.ActiveCfg = Release|Any CPU
		{DE07171B-E84F-4545-A709-0168E5C16334}.Release|Any CPU.Build.0 = Release|Any CPU
		{46524429-A440-412C-8D82-621FC9680EEF}.Debug|Any CPU.ActiveCfg = Debug|Any CPU
		{46524429-A440-412C-8D82-621FC9680EEF}.Debug|Any CPU.Build.0 = Debug|Any CPU
		{46524429-A440-412C-8D82-621FC9680EEF}.Release|Any CPU.ActiveCfg = Release|Any CPU
		{46524429-A440-412C-8D82-621FC9680EEF}.Release|Any CPU.Build.0 = Release|Any CPU
		{5CC14A27-D006-4EA9-9690-D8F375E8E2C2}.Debug|Any CPU.ActiveCfg = Debug|Any CPU
		{5CC14A27-D006-4EA9-9690-D8F375E8E2C2}.Debug|Any CPU.Build.0 = Debug|Any CPU
		{5CC14A27-D006-4EA9-9690-D8F375E8E2C2}.Release|Any CPU.ActiveCfg = Release|Any CPU
		{5CC14A27-D006-4EA9-9690-D8F375E8E2C2}.Release|Any CPU.Build.0 = Release|Any CPU
		{55F8A311-3451-4F4F-8024-540A8C8B4039}.Debug|Any CPU.ActiveCfg = Debug|Any CPU
		{55F8A311-3451-4F4F-8024-540A8C8B4039}.Debug|Any CPU.Build.0 = Debug|Any CPU
		{55F8A311-3451-4F4F-8024-540A8C8B4039}.Release|Any CPU.ActiveCfg = Release|Any CPU
		{55F8A311-3451-4F4F-8024-540A8C8B4039}.Release|Any CPU.Build.0 = Release|Any CPU
		{1E1F9DCA-8BE8-4D76-8FA3-63D990511245}.Debug|Any CPU.ActiveCfg = Debug|Any CPU
		{1E1F9DCA-8BE8-4D76-8FA3-63D990511245}.Debug|Any CPU.Build.0 = Debug|Any CPU
		{1E1F9DCA-8BE8-4D76-8FA3-63D990511245}.Release|Any CPU.ActiveCfg = Release|Any CPU
		{1E1F9DCA-8BE8-4D76-8FA3-63D990511245}.Release|Any CPU.Build.0 = Release|Any CPU
		{C3B3FFF4-94A8-4C79-9504-9197543C7DB7}.Debug|Any CPU.ActiveCfg = Debug|Any CPU
		{C3B3FFF4-94A8-4C79-9504-9197543C7DB7}.Debug|Any CPU.Build.0 = Debug|Any CPU
		{C3B3FFF4-94A8-4C79-9504-9197543C7DB7}.Release|Any CPU.ActiveCfg = Release|Any CPU
		{C3B3FFF4-94A8-4C79-9504-9197543C7DB7}.Release|Any CPU.Build.0 = Release|Any CPU
		{F1A5D123-E265-4618-B2E6-5F642E178C41}.Debug|Any CPU.ActiveCfg = Debug|Any CPU
		{F1A5D123-E265-4618-B2E6-5F642E178C41}.Debug|Any CPU.Build.0 = Debug|Any CPU
		{F1A5D123-E265-4618-B2E6-5F642E178C41}.Release|Any CPU.ActiveCfg = Release|Any CPU
		{F1A5D123-E265-4618-B2E6-5F642E178C41}.Release|Any CPU.Build.0 = Release|Any CPU
		{FC7BC414-4B02-45BF-980C-0EB033036E7D}.Debug|Any CPU.ActiveCfg = Debug|Any CPU
		{FC7BC414-4B02-45BF-980C-0EB033036E7D}.Debug|Any CPU.Build.0 = Debug|Any CPU
		{FC7BC414-4B02-45BF-980C-0EB033036E7D}.Release|Any CPU.ActiveCfg = Release|Any CPU
		{FC7BC414-4B02-45BF-980C-0EB033036E7D}.Release|Any CPU.Build.0 = Release|Any CPU
		{30154A7C-DF03-46D4-9FAF-4C2CE5355F03}.Debug|Any CPU.ActiveCfg = Debug|Any CPU
		{30154A7C-DF03-46D4-9FAF-4C2CE5355F03}.Debug|Any CPU.Build.0 = Debug|Any CPU
		{30154A7C-DF03-46D4-9FAF-4C2CE5355F03}.Release|Any CPU.ActiveCfg = Release|Any CPU
		{30154A7C-DF03-46D4-9FAF-4C2CE5355F03}.Release|Any CPU.Build.0 = Release|Any CPU
		{6A2501C8-D3A7-420A-B5FA-BCABA4E674DF}.Debug|Any CPU.ActiveCfg = Debug|Any CPU
		{6A2501C8-D3A7-420A-B5FA-BCABA4E674DF}.Debug|Any CPU.Build.0 = Debug|Any CPU
		{6A2501C8-D3A7-420A-B5FA-BCABA4E674DF}.Release|Any CPU.ActiveCfg = Release|Any CPU
		{6A2501C8-D3A7-420A-B5FA-BCABA4E674DF}.Release|Any CPU.Build.0 = Release|Any CPU
		{32EA8722-B442-478F-B398-5925D54F2384}.Debug|Any CPU.ActiveCfg = Debug|Any CPU
		{32EA8722-B442-478F-B398-5925D54F2384}.Debug|Any CPU.Build.0 = Debug|Any CPU
		{32EA8722-B442-478F-B398-5925D54F2384}.Release|Any CPU.ActiveCfg = Release|Any CPU
		{32EA8722-B442-478F-B398-5925D54F2384}.Release|Any CPU.Build.0 = Release|Any CPU
		{BD4189C5-F0E9-44CD-8C60-F9F4261CA556}.Debug|Any CPU.ActiveCfg = Debug|Any CPU
		{BD4189C5-F0E9-44CD-8C60-F9F4261CA556}.Debug|Any CPU.Build.0 = Debug|Any CPU
		{BD4189C5-F0E9-44CD-8C60-F9F4261CA556}.Release|Any CPU.ActiveCfg = Release|Any CPU
		{BD4189C5-F0E9-44CD-8C60-F9F4261CA556}.Release|Any CPU.Build.0 = Release|Any CPU
		{7606E181-8E75-4BD8-B375-2B9522810C68}.Debug|Any CPU.ActiveCfg = Debug|Any CPU
		{7606E181-8E75-4BD8-B375-2B9522810C68}.Debug|Any CPU.Build.0 = Debug|Any CPU
		{7606E181-8E75-4BD8-B375-2B9522810C68}.Release|Any CPU.ActiveCfg = Release|Any CPU
		{7606E181-8E75-4BD8-B375-2B9522810C68}.Release|Any CPU.Build.0 = Release|Any CPU
		{6AAAABB9-6891-4DEF-B211-C9B609A9C9B2}.Debug|Any CPU.ActiveCfg = Debug|Any CPU
		{6AAAABB9-6891-4DEF-B211-C9B609A9C9B2}.Debug|Any CPU.Build.0 = Debug|Any CPU
		{6AAAABB9-6891-4DEF-B211-C9B609A9C9B2}.Release|Any CPU.ActiveCfg = Release|Any CPU
		{6AAAABB9-6891-4DEF-B211-C9B609A9C9B2}.Release|Any CPU.Build.0 = Release|Any CPU
		{02474D43-5B95-49F3-ABA2-3A364F65F828}.Debug|Any CPU.ActiveCfg = Debug|Any CPU
		{02474D43-5B95-49F3-ABA2-3A364F65F828}.Debug|Any CPU.Build.0 = Debug|Any CPU
		{02474D43-5B95-49F3-ABA2-3A364F65F828}.Release|Any CPU.ActiveCfg = Release|Any CPU
		{02474D43-5B95-49F3-ABA2-3A364F65F828}.Release|Any CPU.Build.0 = Release|Any CPU
		{E918B393-C18A-4F77-9346-EBE6D00EC389}.Debug|Any CPU.ActiveCfg = Debug|Any CPU
		{E918B393-C18A-4F77-9346-EBE6D00EC389}.Debug|Any CPU.Build.0 = Debug|Any CPU
		{E918B393-C18A-4F77-9346-EBE6D00EC389}.Release|Any CPU.ActiveCfg = Release|Any CPU
		{E918B393-C18A-4F77-9346-EBE6D00EC389}.Release|Any CPU.Build.0 = Release|Any CPU
		{7C4D85FA-665B-4EE4-A397-B23373BED5CB}.Debug|Any CPU.ActiveCfg = Debug|Any CPU
		{7C4D85FA-665B-4EE4-A397-B23373BED5CB}.Debug|Any CPU.Build.0 = Debug|Any CPU
		{7C4D85FA-665B-4EE4-A397-B23373BED5CB}.Release|Any CPU.ActiveCfg = Release|Any CPU
		{7C4D85FA-665B-4EE4-A397-B23373BED5CB}.Release|Any CPU.Build.0 = Release|Any CPU
		{C92A9010-DEB1-4975-8176-600DEFD48342}.Debug|Any CPU.ActiveCfg = Debug|Any CPU
		{C92A9010-DEB1-4975-8176-600DEFD48342}.Debug|Any CPU.Build.0 = Debug|Any CPU
		{C92A9010-DEB1-4975-8176-600DEFD48342}.Release|Any CPU.ActiveCfg = Release|Any CPU
		{C92A9010-DEB1-4975-8176-600DEFD48342}.Release|Any CPU.Build.0 = Release|Any CPU
		{7FB31783-AD54-447F-A136-579D4765EF60}.Debug|Any CPU.ActiveCfg = Debug|Any CPU
		{7FB31783-AD54-447F-A136-579D4765EF60}.Debug|Any CPU.Build.0 = Debug|Any CPU
		{7FB31783-AD54-447F-A136-579D4765EF60}.Release|Any CPU.ActiveCfg = Release|Any CPU
		{7FB31783-AD54-447F-A136-579D4765EF60}.Release|Any CPU.Build.0 = Release|Any CPU
		{E0A185EC-ADEA-43CC-A4BF-277D7533D930}.Debug|Any CPU.ActiveCfg = Debug|Any CPU
		{E0A185EC-ADEA-43CC-A4BF-277D7533D930}.Debug|Any CPU.Build.0 = Debug|Any CPU
		{E0A185EC-ADEA-43CC-A4BF-277D7533D930}.Release|Any CPU.ActiveCfg = Release|Any CPU
		{E0A185EC-ADEA-43CC-A4BF-277D7533D930}.Release|Any CPU.Build.0 = Release|Any CPU
		{1A51700A-0EA7-4A24-82D2-0891106CA8C0}.Debug|Any CPU.ActiveCfg = Debug|Any CPU
		{1A51700A-0EA7-4A24-82D2-0891106CA8C0}.Debug|Any CPU.Build.0 = Debug|Any CPU
		{1A51700A-0EA7-4A24-82D2-0891106CA8C0}.Release|Any CPU.ActiveCfg = Release|Any CPU
		{1A51700A-0EA7-4A24-82D2-0891106CA8C0}.Release|Any CPU.Build.0 = Release|Any CPU
		{93CBD9BC-89E6-49BC-AB31-E324FE25314C}.Debug|Any CPU.ActiveCfg = Debug|Any CPU
		{93CBD9BC-89E6-49BC-AB31-E324FE25314C}.Debug|Any CPU.Build.0 = Debug|Any CPU
		{93CBD9BC-89E6-49BC-AB31-E324FE25314C}.Release|Any CPU.ActiveCfg = Release|Any CPU
		{93CBD9BC-89E6-49BC-AB31-E324FE25314C}.Release|Any CPU.Build.0 = Release|Any CPU
		{54239EE6-0128-4CC6-AB98-1C4752C178BF}.Debug|Any CPU.ActiveCfg = Debug|Any CPU
		{54239EE6-0128-4CC6-AB98-1C4752C178BF}.Debug|Any CPU.Build.0 = Debug|Any CPU
		{54239EE6-0128-4CC6-AB98-1C4752C178BF}.Release|Any CPU.ActiveCfg = Release|Any CPU
		{54239EE6-0128-4CC6-AB98-1C4752C178BF}.Release|Any CPU.Build.0 = Release|Any CPU
		{407C7115-4604-474C-8E36-12EFE43C6363}.Debug|Any CPU.ActiveCfg = Debug|Any CPU
		{407C7115-4604-474C-8E36-12EFE43C6363}.Debug|Any CPU.Build.0 = Debug|Any CPU
		{407C7115-4604-474C-8E36-12EFE43C6363}.Release|Any CPU.ActiveCfg = Release|Any CPU
		{407C7115-4604-474C-8E36-12EFE43C6363}.Release|Any CPU.Build.0 = Release|Any CPU
		{BDB1B872-C408-480E-967C-008CD7A964B3}.Debug|Any CPU.ActiveCfg = Debug|Any CPU
		{BDB1B872-C408-480E-967C-008CD7A964B3}.Debug|Any CPU.Build.0 = Debug|Any CPU
		{BDB1B872-C408-480E-967C-008CD7A964B3}.Release|Any CPU.ActiveCfg = Release|Any CPU
		{BDB1B872-C408-480E-967C-008CD7A964B3}.Release|Any CPU.Build.0 = Release|Any CPU
		{D1502628-D9D3-4C28-8985-D1C42751B601}.Debug|Any CPU.ActiveCfg = Debug|Any CPU
		{D1502628-D9D3-4C28-8985-D1C42751B601}.Debug|Any CPU.Build.0 = Debug|Any CPU
		{D1502628-D9D3-4C28-8985-D1C42751B601}.Release|Any CPU.ActiveCfg = Release|Any CPU
		{D1502628-D9D3-4C28-8985-D1C42751B601}.Release|Any CPU.Build.0 = Release|Any CPU
		{0E25BB6C-E3D6-4407-A1AB-6E3933157BE4}.Debug|Any CPU.ActiveCfg = Debug|Any CPU
		{0E25BB6C-E3D6-4407-A1AB-6E3933157BE4}.Debug|Any CPU.Build.0 = Debug|Any CPU
		{0E25BB6C-E3D6-4407-A1AB-6E3933157BE4}.Release|Any CPU.ActiveCfg = Release|Any CPU
		{0E25BB6C-E3D6-4407-A1AB-6E3933157BE4}.Release|Any CPU.Build.0 = Release|Any CPU
	EndGlobalSection
	GlobalSection(SolutionProperties) = preSolution
		HideSolutionNode = FALSE
	EndGlobalSection
	GlobalSection(NestedProjects) = preSolution
		{566DF0E2-1288-4083-9B55-4C8B69BB1432} = {0555C737-CE4B-4C78-87AB-6296E1E32D01}
		{0555C737-CE4B-4C78-87AB-6296E1E32D01} = {7EDFA103-DB69-4C88-9DE4-97ADBF8253A1}
		{528E66EB-2232-4534-A20D-9BC8A240BF2F} = {E1B24F25-B8A4-46EE-B7EB-7803DCFC543F}
		{EFE1E5ED-D337-4874-82EC-D9FA0BC7D3AB} = {F20E2797-D1E3-4321-91BB-FAE54954D2A0}
		{841C67EF-BBB2-4730-8E29-22FF3FD54306} = {EFE1E5ED-D337-4874-82EC-D9FA0BC7D3AB}
		{B3C0CBA4-712D-404E-B701-D84AF7BBE5E4} = {719809C2-A551-4C4A-9EFD-B10FB5E35BC0}
		{11D110AE-1AEC-419C-A806-7E0ECBC0BC7D} = {719809C2-A551-4C4A-9EFD-B10FB5E35BC0}
		{E6349BAE-0D67-4E15-9A13-E9D71775F32F} = {F0063C69-C019-43E9-A009-95D9FD5F6D99}
		{AAB3DE00-45B4-46ED-AE5F-0B71505223AD} = {F0063C69-C019-43E9-A009-95D9FD5F6D99}
		{0311955C-035C-43AF-87E7-B77F05D3A132} = {F0063C69-C019-43E9-A009-95D9FD5F6D99}
		{DADBFA3F-316C-4D34-AC87-ABA600A7551D} = {F0063C69-C019-43E9-A009-95D9FD5F6D99}
		{0F6EC6F2-0BD7-4FAA-83A9-07B6660EB607} = {F0063C69-C019-43E9-A009-95D9FD5F6D99}
		{6043C29D-E735-4C89-A33B-C6668DF4A7FD} = {F0063C69-C019-43E9-A009-95D9FD5F6D99}
		{482F9F0B-2E96-4A3D-BC7A-5B95405B6745} = {F0063C69-C019-43E9-A009-95D9FD5F6D99}
		{28970AD1-B3A3-49EB-BE57-AC5BE6C72A06} = {F0063C69-C019-43E9-A009-95D9FD5F6D99}
		{FEA93C0D-7A25-425B-B9E8-B2FD9117348D} = {F0063C69-C019-43E9-A009-95D9FD5F6D99}
		{F1390024-41B2-4402-8C54-541B217EC013} = {F0063C69-C019-43E9-A009-95D9FD5F6D99}
		{2C5833A2-F4D2-4818-8DDC-731A30FEDAB7} = {F0063C69-C019-43E9-A009-95D9FD5F6D99}
		{41794FF8-EC1E-456B-BDAA-A5346C110FF8} = {F0063C69-C019-43E9-A009-95D9FD5F6D99}
		{F4131FDE-6702-40E3-9B11-9BE66B52786C} = {F0063C69-C019-43E9-A009-95D9FD5F6D99}
		{DE07171B-E84F-4545-A709-0168E5C16334} = {F0063C69-C019-43E9-A009-95D9FD5F6D99}
		{46524429-A440-412C-8D82-621FC9680EEF} = {F0063C69-C019-43E9-A009-95D9FD5F6D99}
		{5CC14A27-D006-4EA9-9690-D8F375E8E2C2} = {F0063C69-C019-43E9-A009-95D9FD5F6D99}
		{55F8A311-3451-4F4F-8024-540A8C8B4039} = {F0063C69-C019-43E9-A009-95D9FD5F6D99}
		{1E1F9DCA-8BE8-4D76-8FA3-63D990511245} = {F0063C69-C019-43E9-A009-95D9FD5F6D99}
		{C3B3FFF4-94A8-4C79-9504-9197543C7DB7} = {F0063C69-C019-43E9-A009-95D9FD5F6D99}
		{F0063C69-C019-43E9-A009-95D9FD5F6D99} = {719809C2-A551-4C4A-9EFD-B10FB5E35BC0}
		{F1A5D123-E265-4618-B2E6-5F642E178C41} = {F0063C69-C019-43E9-A009-95D9FD5F6D99}
		{FC7BC414-4B02-45BF-980C-0EB033036E7D} = {F0063C69-C019-43E9-A009-95D9FD5F6D99}
		{30154A7C-DF03-46D4-9FAF-4C2CE5355F03} = {F0063C69-C019-43E9-A009-95D9FD5F6D99}
		{6A2501C8-D3A7-420A-B5FA-BCABA4E674DF} = {F0063C69-C019-43E9-A009-95D9FD5F6D99}
		{32EA8722-B442-478F-B398-5925D54F2384} = {F0063C69-C019-43E9-A009-95D9FD5F6D99}
		{BD4189C5-F0E9-44CD-8C60-F9F4261CA556} = {F0063C69-C019-43E9-A009-95D9FD5F6D99}
		{7606E181-8E75-4BD8-B375-2B9522810C68} = {F0063C69-C019-43E9-A009-95D9FD5F6D99}
		{6AAAABB9-6891-4DEF-B211-C9B609A9C9B2} = {F0063C69-C019-43E9-A009-95D9FD5F6D99}
		{02474D43-5B95-49F3-ABA2-3A364F65F828} = {F0063C69-C019-43E9-A009-95D9FD5F6D99}
		{E918B393-C18A-4F77-9346-EBE6D00EC389} = {F0063C69-C019-43E9-A009-95D9FD5F6D99}
		{7C4D85FA-665B-4EE4-A397-B23373BED5CB} = {F0063C69-C019-43E9-A009-95D9FD5F6D99}
		{C92A9010-DEB1-4975-8176-600DEFD48342} = {F0063C69-C019-43E9-A009-95D9FD5F6D99}
		{7FB31783-AD54-447F-A136-579D4765EF60} = {F0063C69-C019-43E9-A009-95D9FD5F6D99}
		{E0A185EC-ADEA-43CC-A4BF-277D7533D930} = {F0063C69-C019-43E9-A009-95D9FD5F6D99}
		{1A51700A-0EA7-4A24-82D2-0891106CA8C0} = {F0063C69-C019-43E9-A009-95D9FD5F6D99}
		{93CBD9BC-89E6-49BC-AB31-E324FE25314C} = {719809C2-A551-4C4A-9EFD-B10FB5E35BC0}
		{54239EE6-0128-4CC6-AB98-1C4752C178BF} = {719809C2-A551-4C4A-9EFD-B10FB5E35BC0}
		{407C7115-4604-474C-8E36-12EFE43C6363} = {719809C2-A551-4C4A-9EFD-B10FB5E35BC0}
		{BDB1B872-C408-480E-967C-008CD7A964B3} = {719809C2-A551-4C4A-9EFD-B10FB5E35BC0}
		{D1502628-D9D3-4C28-8985-D1C42751B601} = {719809C2-A551-4C4A-9EFD-B10FB5E35BC0}
		{0E25BB6C-E3D6-4407-A1AB-6E3933157BE4} = {719809C2-A551-4C4A-9EFD-B10FB5E35BC0}
	EndGlobalSection
	GlobalSection(ExtensibilityGlobals) = postSolution
		SolutionGuid = {73F36209-F8D6-4066-8951-D97729F773CF}
	EndGlobalSection
EndGlobal
